// !$*UTF8*$!
{
	archiveVersion = 1;
	classes = {
	};
	objectVersion = 55;
	objects = {

/* Begin PBXBuildFile section */
		049F2FA127458A0B00E34472 /* AppDelegate.swift in Sources */ = {isa = PBXBuildFile; fileRef = 049F2FA027458A0B00E34472 /* AppDelegate.swift */; };
		049F2FA327458A0B00E34472 /* SceneDelegate.swift in Sources */ = {isa = PBXBuildFile; fileRef = 049F2FA227458A0B00E34472 /* SceneDelegate.swift */; };
		049F2FA527458A0B00E34472 /* RegistrationVC.swift in Sources */ = {isa = PBXBuildFile; fileRef = 049F2FA427458A0B00E34472 /* RegistrationVC.swift */; };
		049F2FA827458A0B00E34472 /* Main.storyboard in Resources */ = {isa = PBXBuildFile; fileRef = 049F2FA627458A0B00E34472 /* Main.storyboard */; };
		049F2FAA27458A0F00E34472 /* Assets.xcassets in Resources */ = {isa = PBXBuildFile; fileRef = 049F2FA927458A0F00E34472 /* Assets.xcassets */; };
		049F2FAD27458A0F00E34472 /* LaunchScreen.storyboard in Resources */ = {isa = PBXBuildFile; fileRef = 049F2FAB27458A0F00E34472 /* LaunchScreen.storyboard */; };
		049F2FB827458E5800E34472 /* CoreDataBase.xcdatamodeld in Sources */ = {isa = PBXBuildFile; fileRef = 049F2FB627458E5800E34472 /* CoreDataBase.xcdatamodeld */; };
		049F2FBB27458F5500E34472 /* CDPerson+CoreDataClass.swift in Sources */ = {isa = PBXBuildFile; fileRef = 049F2FBA27458F5500E34472 /* CDPerson+CoreDataClass.swift */; };
		049F2FBD2745900D00E34472 /* PersistentStorage.swift in Sources */ = {isa = PBXBuildFile; fileRef = 049F2FBC2745900D00E34472 /* PersistentStorage.swift */; };
		049F2FBF2745926800E34472 /* Detals.swift in Sources */ = {isa = PBXBuildFile; fileRef = 049F2FBE2745926800E34472 /* Detals.swift */; };
		049F2FC1274592F600E34472 /* DetalsCV+TableViow.swift in Sources */ = {isa = PBXBuildFile; fileRef = 049F2FC0274592F600E34472 /* DetalsCV+TableViow.swift */; };
		049F2FC32745935600E34472 /* Person.swift in Sources */ = {isa = PBXBuildFile; fileRef = 049F2FC22745935600E34472 /* Person.swift */; };
/* End PBXBuildFile section */

/* Begin PBXFileReference section */
		049F2F9D27458A0B00E34472 /* WEEK-07_HW_CoreData.app */ = {isa = PBXFileReference; explicitFileType = wrapper.application; includeInIndex = 0; path = "WEEK-07_HW_CoreData.app"; sourceTree = BUILT_PRODUCTS_DIR; };
		049F2FA027458A0B00E34472 /* AppDelegate.swift */ = {isa = PBXFileReference; lastKnownFileType = sourcecode.swift; path = AppDelegate.swift; sourceTree = "<group>"; };
		049F2FA227458A0B00E34472 /* SceneDelegate.swift */ = {isa = PBXFileReference; lastKnownFileType = sourcecode.swift; path = SceneDelegate.swift; sourceTree = "<group>"; };
		049F2FA427458A0B00E34472 /* RegistrationVC.swift */ = {isa = PBXFileReference; lastKnownFileType = sourcecode.swift; path = RegistrationVC.swift; sourceTree = "<group>"; };
		049F2FA727458A0B00E34472 /* Base */ = {isa = PBXFileReference; lastKnownFileType = file.storyboard; name = Base; path = Base.lproj/Main.storyboard; sourceTree = "<group>"; };
		049F2FA927458A0F00E34472 /* Assets.xcassets */ = {isa = PBXFileReference; lastKnownFileType = folder.assetcatalog; path = Assets.xcassets; sourceTree = "<group>"; };
		049F2FAC27458A0F00E34472 /* Base */ = {isa = PBXFileReference; lastKnownFileType = file.storyboard; name = Base; path = Base.lproj/LaunchScreen.storyboard; sourceTree = "<group>"; };
		049F2FAE27458A0F00E34472 /* Info.plist */ = {isa = PBXFileReference; lastKnownFileType = text.plist.xml; path = Info.plist; sourceTree = "<group>"; };
		049F2FB727458E5800E34472 /* CoreData.xcdatamodel */ = {isa = PBXFileReference; lastKnownFileType = wrapper.xcdatamodel; path = CoreData.xcdatamodel; sourceTree = "<group>"; };
		049F2FBA27458F5500E34472 /* CDPerson+CoreDataClass.swift */ = {isa = PBXFileReference; lastKnownFileType = sourcecode.swift; path = "CDPerson+CoreDataClass.swift"; sourceTree = "<group>"; };
		049F2FBC2745900D00E34472 /* PersistentStorage.swift */ = {isa = PBXFileReference; lastKnownFileType = sourcecode.swift; path = PersistentStorage.swift; sourceTree = "<group>"; };
		049F2FBE2745926800E34472 /* Detals.swift */ = {isa = PBXFileReference; lastKnownFileType = sourcecode.swift; path = Detals.swift; sourceTree = "<group>"; };
		049F2FC0274592F600E34472 /* DetalsCV+TableViow.swift */ = {isa = PBXFileReference; lastKnownFileType = sourcecode.swift; path = "DetalsCV+TableViow.swift"; sourceTree = "<group>"; };
		049F2FC22745935600E34472 /* Person.swift */ = {isa = PBXFileReference; lastKnownFileType = sourcecode.swift; path = Person.swift; sourceTree = "<group>"; };
/* End PBXFileReference section */

/* Begin PBXFrameworksBuildPhase section */
		049F2F9A27458A0B00E34472 /* Frameworks */ = {
			isa = PBXFrameworksBuildPhase;
			buildActionMask = 2147483647;
			files = (
			);
			runOnlyForDeploymentPostprocessing = 0;
		};
/* End PBXFrameworksBuildPhase section */

/* Begin PBXGroup section */
		049F2F9427458A0B00E34472 = {
			isa = PBXGroup;
			children = (
				049F2F9F27458A0B00E34472 /* WEEK-07_HW_CoreData */,
				049F2F9E27458A0B00E34472 /* Products */,
			);
			sourceTree = "<group>";
		};
		049F2F9E27458A0B00E34472 /* Products */ = {
			isa = PBXGroup;
			children = (
				049F2F9D27458A0B00E34472 /* WEEK-07_HW_CoreData.app */,
			);
			name = Products;
			sourceTree = "<group>";
		};
		049F2F9F27458A0B00E34472 /* WEEK-07_HW_CoreData */ = {
			isa = PBXGroup;
			children = (
				049F2FA027458A0B00E34472 /* AppDelegate.swift */,
				049F2FA227458A0B00E34472 /* SceneDelegate.swift */,
				049F2FA427458A0B00E34472 /* RegistrationVC.swift */,
				049F2FBE2745926800E34472 /* Detals.swift */,
				049F2FC0274592F600E34472 /* DetalsCV+TableViow.swift */,
				049F2FC22745935600E34472 /* Person.swift */,
				049F2FA627458A0B00E34472 /* Main.storyboard */,
				049F2FA927458A0F00E34472 /* Assets.xcassets */,
				049F2FAB27458A0F00E34472 /* LaunchScreen.storyboard */,
				049F2FAE27458A0F00E34472 /* Info.plist */,
				049F2FBC2745900D00E34472 /* PersistentStorage.swift */,
				049F2FB927458F0400E34472 /* CoreData */,
				049F2FB627458E5800E34472 /* CoreDataBase.xcdatamodeld */,
			);
			path = "WEEK-07_HW_CoreData";
			sourceTree = "<group>";
		};
		049F2FB927458F0400E34472 /* CoreData */ = {
			isa = PBXGroup;
			children = (
				049F2FBA27458F5500E34472 /* CDPerson+CoreDataClass.swift */,
			);
			path = CoreData;
			sourceTree = "<group>";
		};
/* End PBXGroup section */

/* Begin PBXNativeTarget section */
		049F2F9C27458A0B00E34472 /* WEEK-07_HW_CoreData */ = {
			isa = PBXNativeTarget;
			buildConfigurationList = 049F2FB127458A0F00E34472 /* Build configuration list for PBXNativeTarget "WEEK-07_HW_CoreData" */;
			buildPhases = (
				049F2F9927458A0B00E34472 /* Sources */,
				049F2F9A27458A0B00E34472 /* Frameworks */,
				049F2F9B27458A0B00E34472 /* Resources */,
			);
			buildRules = (
			);
			dependencies = (
			);
			name = "WEEK-07_HW_CoreData";
			productName = "WEEK-07_HW_CoreData";
			productReference = 049F2F9D27458A0B00E34472 /* WEEK-07_HW_CoreData.app */;
			productType = "com.apple.product-type.application";
		};
/* End PBXNativeTarget section */

/* Begin PBXProject section */
		049F2F9527458A0B00E34472 /* Project object */ = {
			isa = PBXProject;
			attributes = {
				BuildIndependentTargetsInParallel = 1;
				LastSwiftUpdateCheck = 1310;
				LastUpgradeCheck = 1310;
				TargetAttributes = {
					049F2F9C27458A0B00E34472 = {
						CreatedOnToolsVersion = 13.1;
					};
				};
			};
			buildConfigurationList = 049F2F9827458A0B00E34472 /* Build configuration list for PBXProject "WEEK-07_HW_CoreData" */;
			compatibilityVersion = "Xcode 13.0";
			developmentRegion = en;
			hasScannedForEncodings = 0;
			knownRegions = (
				en,
				Base,
			);
			mainGroup = 049F2F9427458A0B00E34472;
			productRefGroup = 049F2F9E27458A0B00E34472 /* Products */;
			projectDirPath = "";
			projectRoot = "";
			targets = (
				049F2F9C27458A0B00E34472 /* WEEK-07_HW_CoreData */,
			);
		};
/* End PBXProject section */

/* Begin PBXResourcesBuildPhase section */
		049F2F9B27458A0B00E34472 /* Resources */ = {
			isa = PBXResourcesBuildPhase;
			buildActionMask = 2147483647;
			files = (
				049F2FAD27458A0F00E34472 /* LaunchScreen.storyboard in Resources */,
				049F2FAA27458A0F00E34472 /* Assets.xcassets in Resources */,
				049F2FA827458A0B00E34472 /* Main.storyboard in Resources */,
			);
			runOnlyForDeploymentPostprocessing = 0;
		};
/* End PBXResourcesBuildPhase section */

/* Begin PBXSourcesBuildPhase section */
		049F2F9927458A0B00E34472 /* Sources */ = {
			isa = PBXSourcesBuildPhase;
			buildActionMask = 2147483647;
			files = (
				049F2FBD2745900D00E34472 /* PersistentStorage.swift in Sources */,
				049F2FC1274592F600E34472 /* DetalsCV+TableViow.swift in Sources */,
				049F2FB827458E5800E34472 /* CoreDataBase.xcdatamodeld in Sources */,
				049F2FA527458A0B00E34472 /* RegistrationVC.swift in Sources */,
				049F2FBB27458F5500E34472 /* CDPerson+CoreDataClass.swift in Sources */,
				049F2FBF2745926800E34472 /* Detals.swift in Sources */,
				049F2FC32745935600E34472 /* Person.swift in Sources */,
				049F2FA127458A0B00E34472 /* AppDelegate.swift in Sources */,
				049F2FA327458A0B00E34472 /* SceneDelegate.swift in Sources */,
			);
			runOnlyForDeploymentPostprocessing = 0;
		};
/* End PBXSourcesBuildPhase section */

/* Begin PBXVariantGroup section */
		049F2FA627458A0B00E34472 /* Main.storyboard */ = {
			isa = PBXVariantGroup;
			children = (
				049F2FA727458A0B00E34472 /* Base */,
			);
			name = Main.storyboard;
			sourceTree = "<group>";
		};
		049F2FAB27458A0F00E34472 /* LaunchScreen.storyboard */ = {
			isa = PBXVariantGroup;
			children = (
				049F2FAC27458A0F00E34472 /* Base */,
			);
			name = LaunchScreen.storyboard;
			sourceTree = "<group>";
		};
/* End PBXVariantGroup section */

/* Begin XCBuildConfiguration section */
		049F2FAF27458A0F00E34472 /* Debug */ = {
			isa = XCBuildConfiguration;
			buildSettings = {
				ALWAYS_SEARCH_USER_PATHS = NO;
				CLANG_ANALYZER_NONNULL = YES;
				CLANG_ANALYZER_NUMBER_OBJECT_CONVERSION = YES_AGGRESSIVE;
				CLANG_CXX_LANGUAGE_STANDARD = "gnu++17";
				CLANG_CXX_LIBRARY = "libc++";
				CLANG_ENABLE_MODULES = YES;
				CLANG_ENABLE_OBJC_ARC = YES;
				CLANG_ENABLE_OBJC_WEAK = YES;
				CLANG_WARN_BLOCK_CAPTURE_AUTORELEASING = YES;
				CLANG_WARN_BOOL_CONVERSION = YES;
				CLANG_WARN_COMMA = YES;
				CLANG_WARN_CONSTANT_CONVERSION = YES;
				CLANG_WARN_DEPRECATED_OBJC_IMPLEMENTATIONS = YES;
				CLANG_WARN_DIRECT_OBJC_ISA_USAGE = YES_ERROR;
				CLANG_WARN_DOCUMENTATION_COMMENTS = YES;
				CLANG_WARN_EMPTY_BODY = YES;
				CLANG_WARN_ENUM_CONVERSION = YES;
				CLANG_WARN_INFINITE_RECURSION = YES;
				CLANG_WARN_INT_CONVERSION = YES;
				CLANG_WARN_NON_LITERAL_NULL_CONVERSION = YES;
				CLANG_WARN_OBJC_IMPLICIT_RETAIN_SELF = YES;
				CLANG_WARN_OBJC_LITERAL_CONVERSION = YES;
				CLANG_WARN_OBJC_ROOT_CLASS = YES_ERROR;
				CLANG_WARN_QUOTED_INCLUDE_IN_FRAMEWORK_HEADER = YES;
				CLANG_WARN_RANGE_LOOP_ANALYSIS = YES;
				CLANG_WARN_STRICT_PROTOTYPES = YES;
				CLANG_WARN_SUSPICIOUS_MOVE = YES;
				CLANG_WARN_UNGUARDED_AVAILABILITY = YES_AGGRESSIVE;
				CLANG_WARN_UNREACHABLE_CODE = YES;
				CLANG_WARN__DUPLICATE_METHOD_MATCH = YES;
				COPY_PHASE_STRIP = NO;
				DEBUG_INFORMATION_FORMAT = dwarf;
				ENABLE_STRICT_OBJC_MSGSEND = YES;
				ENABLE_TESTABILITY = YES;
				GCC_C_LANGUAGE_STANDARD = gnu11;
				GCC_DYNAMIC_NO_PIC = NO;
				GCC_NO_COMMON_BLOCKS = YES;
				GCC_OPTIMIZATION_LEVEL = 0;
				GCC_PREPROCESSOR_DEFINITIONS = (
					"DEBUG=1",
					"$(inherited)",
				);
				GCC_WARN_64_TO_32_BIT_CONVERSION = YES;
				GCC_WARN_ABOUT_RETURN_TYPE = YES_ERROR;
				GCC_WARN_UNDECLARED_SELECTOR = YES;
				GCC_WARN_UNINITIALIZED_AUTOS = YES_AGGRESSIVE;
				GCC_WARN_UNUSED_FUNCTION = YES;
				GCC_WARN_UNUSED_VARIABLE = YES;
				IPHONEOS_DEPLOYMENT_TARGET = 15.0;
				MTL_ENABLE_DEBUG_INFO = INCLUDE_SOURCE;
				MTL_FAST_MATH = YES;
				ONLY_ACTIVE_ARCH = YES;
				SDKROOT = iphoneos;
				SWIFT_ACTIVE_COMPILATION_CONDITIONS = DEBUG;
				SWIFT_OPTIMIZATION_LEVEL = "-Onone";
			};
			name = Debug;
		};
		049F2FB027458A0F00E34472 /* Release */ = {
			isa = XCBuildConfiguration;
			buildSettings = {
				ALWAYS_SEARCH_USER_PATHS = NO;
				CLANG_ANALYZER_NONNULL = YES;
				CLANG_ANALYZER_NUMBER_OBJECT_CONVERSION = YES_AGGRESSIVE;
				CLANG_CXX_LANGUAGE_STANDARD = "gnu++17";
				CLANG_CXX_LIBRARY = "libc++";
				CLANG_ENABLE_MODULES = YES;
				CLANG_ENABLE_OBJC_ARC = YES;
				CLANG_ENABLE_OBJC_WEAK = YES;
				CLANG_WARN_BLOCK_CAPTURE_AUTORELEASING = YES;
				CLANG_WARN_BOOL_CONVERSION = YES;
				CLANG_WARN_COMMA = YES;
				CLANG_WARN_CONSTANT_CONVERSION = YES;
				CLANG_WARN_DEPRECATED_OBJC_IMPLEMENTATIONS = YES;
				CLANG_WARN_DIRECT_OBJC_ISA_USAGE = YES_ERROR;
				CLANG_WARN_DOCUMENTATION_COMMENTS = YES;
				CLANG_WARN_EMPTY_BODY = YES;
				CLANG_WARN_ENUM_CONVERSION = YES;
				CLANG_WARN_INFINITE_RECURSION = YES;
				CLANG_WARN_INT_CONVERSION = YES;
				CLANG_WARN_NON_LITERAL_NULL_CONVERSION = YES;
				CLANG_WARN_OBJC_IMPLICIT_RETAIN_SELF = YES;
				CLANG_WARN_OBJC_LITERAL_CONVERSION = YES;
				CLANG_WARN_OBJC_ROOT_CLASS = YES_ERROR;
				CLANG_WARN_QUOTED_INCLUDE_IN_FRAMEWORK_HEADER = YES;
				CLANG_WARN_RANGE_LOOP_ANALYSIS = YES;
				CLANG_WARN_STRICT_PROTOTYPES = YES;
				CLANG_WARN_SUSPICIOUS_MOVE = YES;
				CLANG_WARN_UNGUARDED_AVAILABILITY = YES_AGGRESSIVE;
				CLANG_WARN_UNREACHABLE_CODE = YES;
				CLANG_WARN__DUPLICATE_METHOD_MATCH = YES;
				COPY_PHASE_STRIP = NO;
				DEBUG_INFORMATION_FORMAT = "dwarf-with-dsym";
				ENABLE_NS_ASSERTIONS = NO;
				ENABLE_STRICT_OBJC_MSGSEND = YES;
				GCC_C_LANGUAGE_STANDARD = gnu11;
				GCC_NO_COMMON_BLOCKS = YES;
				GCC_WARN_64_TO_32_BIT_CONVERSION = YES;
				GCC_WARN_ABOUT_RETURN_TYPE = YES_ERROR;
				GCC_WARN_UNDECLARED_SELECTOR = YES;
				GCC_WARN_UNINITIALIZED_AUTOS = YES_AGGRESSIVE;
				GCC_WARN_UNUSED_FUNCTION = YES;
				GCC_WARN_UNUSED_VARIABLE = YES;
				IPHONEOS_DEPLOYMENT_TARGET = 15.0;
				MTL_ENABLE_DEBUG_INFO = NO;
				MTL_FAST_MATH = YES;
				SDKROOT = iphoneos;
				SWIFT_COMPILATION_MODE = wholemodule;
				SWIFT_OPTIMIZATION_LEVEL = "-O";
				VALIDATE_PRODUCT = YES;
			};
			name = Release;
		};
		049F2FB227458A0F00E34472 /* Debug */ = {
			isa = XCBuildConfiguration;
			buildSettings = {
				ASSETCATALOG_COMPILER_APPICON_NAME = AppIcon;
				ASSETCATALOG_COMPILER_GLOBAL_ACCENT_COLOR_NAME = AccentColor;
				CODE_SIGN_STYLE = Automatic;
				CURRENT_PROJECT_VERSION = 1;
				GENERATE_INFOPLIST_FILE = YES;
				INFOPLIST_FILE = "WEEK-07_HW_CoreData/Info.plist";
				INFOPLIST_KEY_UIApplicationSupportsIndirectInputEvents = YES;
				INFOPLIST_KEY_UILaunchStoryboardName = LaunchScreen;
				INFOPLIST_KEY_UIMainStoryboardFile = Main;
				INFOPLIST_KEY_UISupportedInterfaceOrientations_iPad = "UIInterfaceOrientationPortrait UIInterfaceOrientationPortraitUpsideDown UIInterfaceOrientationLandscapeLeft UIInterfaceOrientationLandscapeRight";
				INFOPLIST_KEY_UISupportedInterfaceOrientations_iPhone = "UIInterfaceOrientationPortrait UIInterfaceOrientationLandscapeLeft UIInterfaceOrientationLandscapeRight";
				LD_RUNPATH_SEARCH_PATHS = (
					"$(inherited)",
					"@executable_path/Frameworks",
				);
				MARKETING_VERSION = 1.0;
				PRODUCT_BUNDLE_IDENTIFIER = "com.sultan.WEEK-07-HW-CoreData";
				PRODUCT_NAME = "$(TARGET_NAME)";
				SWIFT_EMIT_LOC_STRINGS = YES;
				SWIFT_VERSION = 5.0;
				TARGETED_DEVICE_FAMILY = "1,2";
			};
			name = Debug;
		};
		049F2FB327458A0F00E34472 /* Release */ = {
			isa = XCBuildConfiguration;
			buildSettings = {
				ASSETCATALOG_COMPILER_APPICON_NAME = AppIcon;
				ASSETCATALOG_COMPILER_GLOBAL_ACCENT_COLOR_NAME = AccentColor;
				CODE_SIGN_STYLE = Automatic;
				CURRENT_PROJECT_VERSION = 1;
				GENERATE_INFOPLIST_FILE = YES;
				INFOPLIST_FILE = "WEEK-07_HW_CoreData/Info.plist";
				INFOPLIST_KEY_UIApplicationSupportsIndirectInputEvents = YES;
				INFOPLIST_KEY_UILaunchStoryboardName = LaunchScreen;
				INFOPLIST_KEY_UIMainStoryboardFile = Main;
				INFOPLIST_KEY_UISupportedInterfaceOrientations_iPad = "UIInterfaceOrientationPortrait UIInterfaceOrientationPortraitUpsideDown UIInterfaceOrientationLandscapeLeft UIInterfaceOrientationLandscapeRight";
				INFOPLIST_KEY_UISupportedInterfaceOrientations_iPhone = "UIInterfaceOrientationPortrait UIInterfaceOrientationLandscapeLeft UIInterfaceOrientationLandscapeRight";
				LD_RUNPATH_SEARCH_PATHS = (
					"$(inherited)",
					"@executable_path/Frameworks",
				);
				MARKETING_VERSION = 1.0;
				PRODUCT_BUNDLE_IDENTIFIER = "com.sultan.WEEK-07-HW-CoreData";
				PRODUCT_NAME = "$(TARGET_NAME)";
				SWIFT_EMIT_LOC_STRINGS = YES;
				SWIFT_VERSION = 5.0;
				TARGETED_DEVICE_FAMILY = "1,2";
			};
			name = Release;
		};
/* End XCBuildConfiguration section */

/* Begin XCConfigurationList section */
		049F2F9827458A0B00E34472 /* Build configuration list for PBXProject "WEEK-07_HW_CoreData" */ = {
			isa = XCConfigurationList;
			buildConfigurations = (
				049F2FAF27458A0F00E34472 /* Debug */,
				049F2FB027458A0F00E34472 /* Release */,
			);
			defaultConfigurationIsVisible = 0;
			defaultConfigurationName = Release;
		};
		049F2FB127458A0F00E34472 /* Build configuration list for PBXNativeTarget "WEEK-07_HW_CoreData" */ = {
			isa = XCConfigurationList;
			buildConfigurations = (
				049F2FB227458A0F00E34472 /* Debug */,
				049F2FB327458A0F00E34472 /* Release */,
			);
			defaultConfigurationIsVisible = 0;
			defaultConfigurationName = Release;
		};
/* End XCConfigurationList section */

/* Begin XCVersionGroup section */
		049F2FB627458E5800E34472 /* CoreDataBase.xcdatamodeld */ = {
			isa = XCVersionGroup;
			children = (
				049F2FB727458E5800E34472 /* CoreData.xcdatamodel */,
			);
			currentVersion = 049F2FB727458E5800E34472 /* CoreData.xcdatamodel */;
			path = CoreDataBase.xcdatamodeld;
			sourceTree = "<group>";
			versionGroupType = wrapper.xcdatamodel;
		};
/* End XCVersionGroup section */
	};
	rootObject = 049F2F9527458A0B00E34472 /* Project object */;
}
