// !$*UTF8*$!
{
	archiveVersion = 1;
	classes = {
	};
	objectVersion = 55;
	objects = {

/* Begin PBXBuildFile section */
		293CEDC82746447800175D5B /* AppDelegate.swift in Sources */ = {isa = PBXBuildFile; fileRef = 293CEDC72746447800175D5B /* AppDelegate.swift */; };
		293CEDCA2746447800175D5B /* SceneDelegate.swift in Sources */ = {isa = PBXBuildFile; fileRef = 293CEDC92746447800175D5B /* SceneDelegate.swift */; };
		293CEDCF2746447800175D5B /* Main.storyboard in Resources */ = {isa = PBXBuildFile; fileRef = 293CEDCD2746447800175D5B /* Main.storyboard */; };
		293CEDD22746447800175D5B /* HWCoreData.xcdatamodeld in Sources */ = {isa = PBXBuildFile; fileRef = 293CEDD02746447800175D5B /* HWCoreData.xcdatamodeld */; };
		293CEDD42746447900175D5B /* Assets.xcassets in Resources */ = {isa = PBXBuildFile; fileRef = 293CEDD32746447900175D5B /* Assets.xcassets */; };
		293CEDD72746447900175D5B /* LaunchScreen.storyboard in Resources */ = {isa = PBXBuildFile; fileRef = 293CEDD52746447900175D5B /* LaunchScreen.storyboard */; };
		293CEDE0274644B700175D5B /* CDPerson+CoreDataClass.swift in Sources */ = {isa = PBXBuildFile; fileRef = 293CEDDE274644B700175D5B /* CDPerson+CoreDataClass.swift */; };
		293CEDE427466C2D00175D5B /* PersistentStorage.swift in Sources */ = {isa = PBXBuildFile; fileRef = 293CEDE327466C2D00175D5B /* PersistentStorage.swift */; };
		293CEDE627466DF700175D5B /* TableViewController.swift in Sources */ = {isa = PBXBuildFile; fileRef = 293CEDE527466DF700175D5B /* TableViewController.swift */; };
/* End PBXBuildFile section */

/* Begin PBXFileReference section */
		293CEDC42746447800175D5B /* HWCoreData.app */ = {isa = PBXFileReference; explicitFileType = wrapper.application; includeInIndex = 0; path = HWCoreData.app; sourceTree = BUILT_PRODUCTS_DIR; };
		293CEDC72746447800175D5B /* AppDelegate.swift */ = {isa = PBXFileReference; lastKnownFileType = sourcecode.swift; path = AppDelegate.swift; sourceTree = "<group>"; };
		293CEDC92746447800175D5B /* SceneDelegate.swift */ = {isa = PBXFileReference; lastKnownFileType = sourcecode.swift; path = SceneDelegate.swift; sourceTree = "<group>"; };
		293CEDCE2746447800175D5B /* Base */ = {isa = PBXFileReference; lastKnownFileType = file.storyboard; name = Base; path = Base.lproj/Main.storyboard; sourceTree = "<group>"; };
		293CEDD12746447800175D5B /* HWCoreData.xcdatamodel */ = {isa = PBXFileReference; lastKnownFileType = wrapper.xcdatamodel; path = HWCoreData.xcdatamodel; sourceTree = "<group>"; };
		293CEDD32746447900175D5B /* Assets.xcassets */ = {isa = PBXFileReference; lastKnownFileType = folder.assetcatalog; path = Assets.xcassets; sourceTree = "<group>"; };
		293CEDD62746447900175D5B /* Base */ = {isa = PBXFileReference; lastKnownFileType = file.storyboard; name = Base; path = Base.lproj/LaunchScreen.storyboard; sourceTree = "<group>"; };
		293CEDD82746447900175D5B /* Info.plist */ = {isa = PBXFileReference; lastKnownFileType = text.plist.xml; path = Info.plist; sourceTree = "<group>"; };
		293CEDDE274644B700175D5B /* CDPerson+CoreDataClass.swift */ = {isa = PBXFileReference; lastKnownFileType = sourcecode.swift; path = "CDPerson+CoreDataClass.swift"; sourceTree = "<group>"; };
		293CEDE327466C2D00175D5B /* PersistentStorage.swift */ = {isa = PBXFileReference; fileEncoding = 4; lastKnownFileType = sourcecode.swift; path = PersistentStorage.swift; sourceTree = "<group>"; };
		293CEDE527466DF700175D5B /* TableViewController.swift */ = {isa = PBXFileReference; lastKnownFileType = sourcecode.swift; path = TableViewController.swift; sourceTree = "<group>"; };
/* End PBXFileReference section */

/* Begin PBXFrameworksBuildPhase section */
		293CEDC12746447800175D5B /* Frameworks */ = {
			isa = PBXFrameworksBuildPhase;
			buildActionMask = 2147483647;
			files = (
			);
			runOnlyForDeploymentPostprocessing = 0;
		};
/* End PBXFrameworksBuildPhase section */

/* Begin PBXGroup section */
		293CEDBB2746447800175D5B = {
			isa = PBXGroup;
			children = (
				293CEDC62746447800175D5B /* HWCoreData */,
				293CEDC52746447800175D5B /* Products */,
			);
			sourceTree = "<group>";
		};
		293CEDC52746447800175D5B /* Products */ = {
			isa = PBXGroup;
			children = (
				293CEDC42746447800175D5B /* HWCoreData.app */,
			);
			name = Products;
			sourceTree = "<group>";
		};
		293CEDC62746447800175D5B /* HWCoreData */ = {
			isa = PBXGroup;
			children = (
				293CEDE327466C2D00175D5B /* PersistentStorage.swift */,
				293CEDC72746447800175D5B /* AppDelegate.swift */,
				293CEDC92746447800175D5B /* SceneDelegate.swift */,
				293CEDCD2746447800175D5B /* Main.storyboard */,
				293CEDD32746447900175D5B /* Assets.xcassets */,
				293CEDD52746447900175D5B /* LaunchScreen.storyboard */,
				293CEDD82746447900175D5B /* Info.plist */,
				293CEDE227464DEF00175D5B /* CoreData */,
				293CEDD02746447800175D5B /* HWCoreData.xcdatamodeld */,
				293CEDE527466DF700175D5B /* TableViewController.swift */,
			);
			path = HWCoreData;
			sourceTree = "<group>";
		};
		293CEDE227464DEF00175D5B /* CoreData */ = {
			isa = PBXGroup;
			children = (
				293CEDDE274644B700175D5B /* CDPerson+CoreDataClass.swift */,
			);
			path = CoreData;
			sourceTree = "<group>";
		};
/* End PBXGroup section */

/* Begin PBXNativeTarget section */
		293CEDC32746447800175D5B /* HWCoreData */ = {
			isa = PBXNativeTarget;
			buildConfigurationList = 293CEDDB2746447900175D5B /* Build configuration list for PBXNativeTarget "HWCoreData" */;
			buildPhases = (
				293CEDC02746447800175D5B /* Sources */,
				293CEDC12746447800175D5B /* Frameworks */,
				293CEDC22746447800175D5B /* Resources */,
			);
			buildRules = (
			);
			dependencies = (
			);
			name = HWCoreData;
			productName = HWCoreData;
			productReference = 293CEDC42746447800175D5B /* HWCoreData.app */;
			productType = "com.apple.product-type.application";
		};
/* End PBXNativeTarget section */

/* Begin PBXProject section */
		293CEDBC2746447800175D5B /* Project object */ = {
			isa = PBXProject;
			attributes = {
				BuildIndependentTargetsInParallel = 1;
				LastSwiftUpdateCheck = 1310;
				LastUpgradeCheck = 1310;
				TargetAttributes = {
					293CEDC32746447800175D5B = {
						CreatedOnToolsVersion = 13.1;
					};
				};
			};
			buildConfigurationList = 293CEDBF2746447800175D5B /* Build configuration list for PBXProject "HWCoreData" */;
			compatibilityVersion = "Xcode 13.0";
			developmentRegion = en;
			hasScannedForEncodings = 0;
			knownRegions = (
				en,
				Base,
			);
			mainGroup = 293CEDBB2746447800175D5B;
			productRefGroup = 293CEDC52746447800175D5B /* Products */;
			projectDirPath = "";
			projectRoot = "";
			targets = (
				293CEDC32746447800175D5B /* HWCoreData */,
			);
		};
/* End PBXProject section */

/* Begin PBXResourcesBuildPhase section */
		293CEDC22746447800175D5B /* Resources */ = {
			isa = PBXResourcesBuildPhase;
			buildActionMask = 2147483647;
			files = (
				293CEDD72746447900175D5B /* LaunchScreen.storyboard in Resources */,
				293CEDD42746447900175D5B /* Assets.xcassets in Resources */,
				293CEDCF2746447800175D5B /* Main.storyboard in Resources */,
			);
			runOnlyForDeploymentPostprocessing = 0;
		};
/* End PBXResourcesBuildPhase section */

/* Begin PBXSourcesBuildPhase section */
		293CEDC02746447800175D5B /* Sources */ = {
			isa = PBXSourcesBuildPhase;
			buildActionMask = 2147483647;
			files = (
				293CEDE427466C2D00175D5B /* PersistentStorage.swift in Sources */,
				293CEDE627466DF700175D5B /* TableViewController.swift in Sources */,
				293CEDD22746447800175D5B /* HWCoreData.xcdatamodeld in Sources */,
				293CEDE0274644B700175D5B /* CDPerson+CoreDataClass.swift in Sources */,
				293CEDC82746447800175D5B /* AppDelegate.swift in Sources */,
				293CEDCA2746447800175D5B /* SceneDelegate.swift in Sources */,
			);
			runOnlyForDeploymentPostprocessing = 0;
		};
/* End PBXSourcesBuildPhase section */

/* Begin PBXVariantGroup section */
		293CEDCD2746447800175D5B /* Main.storyboard */ = {
			isa = PBXVariantGroup;
			children = (
				293CEDCE2746447800175D5B /* Base */,
			);
			name = Main.storyboard;
			sourceTree = "<group>";
		};
		293CEDD52746447900175D5B /* LaunchScreen.storyboard */ = {
			isa = PBXVariantGroup;
			children = (
				293CEDD62746447900175D5B /* Base */,
			);
			name = LaunchScreen.storyboard;
			sourceTree = "<group>";
		};
/* End PBXVariantGroup section */

/* Begin XCBuildConfiguration section */
		293CEDD92746447900175D5B /* Debug */ = {
			isa = XCBuildConfiguration;
			buildSettings = {
				ALWAYS_SEARCH_USER_PATHS = NO;
				CLANG_ANALYZER_NONNULL = YES;
				CLANG_ANALYZER_NUMBER_OBJECT_CONVERSION = YES_AGGRESSIVE;
				CLANG_CXX_LANGUAGE_STANDARD = "gnu++17";
				CLANG_CXX_LIBRARY = "libc++";
				CLANG_ENABLE_MODULES = YES;
				CLANG_ENABLE_OBJC_ARC = YES;
				CLANG_ENABLE_OBJC_WEAK = YES;
				CLANG_WARN_BLOCK_CAPTURE_AUTORELEASING = YES;
				CLANG_WARN_BOOL_CONVERSION = YES;
				CLANG_WARN_COMMA = YES;
				CLANG_WARN_CONSTANT_CONVERSION = YES;
				CLANG_WARN_DEPRECATED_OBJC_IMPLEMENTATIONS = YES;
				CLANG_WARN_DIRECT_OBJC_ISA_USAGE = YES_ERROR;
				CLANG_WARN_DOCUMENTATION_COMMENTS = YES;
				CLANG_WARN_EMPTY_BODY = YES;
				CLANG_WARN_ENUM_CONVERSION = YES;
				CLANG_WARN_INFINITE_RECURSION = YES;
				CLANG_WARN_INT_CONVERSION = YES;
				CLANG_WARN_NON_LITERAL_NULL_CONVERSION = YES;
				CLANG_WARN_OBJC_IMPLICIT_RETAIN_SELF = YES;
				CLANG_WARN_OBJC_LITERAL_CONVERSION = YES;
				CLANG_WARN_OBJC_ROOT_CLASS = YES_ERROR;
				CLANG_WARN_QUOTED_INCLUDE_IN_FRAMEWORK_HEADER = YES;
				CLANG_WARN_RANGE_LOOP_ANALYSIS = YES;
				CLANG_WARN_STRICT_PROTOTYPES = YES;
				CLANG_WARN_SUSPICIOUS_MOVE = YES;
				CLANG_WARN_UNGUARDED_AVAILABILITY = YES_AGGRESSIVE;
				CLANG_WARN_UNREACHABLE_CODE = YES;
				CLANG_WARN__DUPLICATE_METHOD_MATCH = YES;
				COPY_PHASE_STRIP = NO;
				DEBUG_INFORMATION_FORMAT = dwarf;
				ENABLE_STRICT_OBJC_MSGSEND = YES;
				ENABLE_TESTABILITY = YES;
				GCC_C_LANGUAGE_STANDARD = gnu11;
				GCC_DYNAMIC_NO_PIC = NO;
				GCC_NO_COMMON_BLOCKS = YES;
				GCC_OPTIMIZATION_LEVEL = 0;
				GCC_PREPROCESSOR_DEFINITIONS = (
					"DEBUG=1",
					"$(inherited)",
				);
				GCC_WARN_64_TO_32_BIT_CONVERSION = YES;
				GCC_WARN_ABOUT_RETURN_TYPE = YES_ERROR;
				GCC_WARN_UNDECLARED_SELECTOR = YES;
				GCC_WARN_UNINITIALIZED_AUTOS = YES_AGGRESSIVE;
				GCC_WARN_UNUSED_FUNCTION = YES;
				GCC_WARN_UNUSED_VARIABLE = YES;
				IPHONEOS_DEPLOYMENT_TARGET = 15.0;
				MTL_ENABLE_DEBUG_INFO = INCLUDE_SOURCE;
				MTL_FAST_MATH = YES;
				ONLY_ACTIVE_ARCH = YES;
				SDKROOT = iphoneos;
				SWIFT_ACTIVE_COMPILATION_CONDITIONS = DEBUG;
				SWIFT_OPTIMIZATION_LEVEL = "-Onone";
			};
			name = Debug;
		};
		293CEDDA2746447900175D5B /* Release */ = {
			isa = XCBuildConfiguration;
			buildSettings = {
				ALWAYS_SEARCH_USER_PATHS = NO;
				CLANG_ANALYZER_NONNULL = YES;
				CLANG_ANALYZER_NUMBER_OBJECT_CONVERSION = YES_AGGRESSIVE;
				CLANG_CXX_LANGUAGE_STANDARD = "gnu++17";
				CLANG_CXX_LIBRARY = "libc++";
				CLANG_ENABLE_MODULES = YES;
				CLANG_ENABLE_OBJC_ARC = YES;
				CLANG_ENABLE_OBJC_WEAK = YES;
				CLANG_WARN_BLOCK_CAPTURE_AUTORELEASING = YES;
				CLANG_WARN_BOOL_CONVERSION = YES;
				CLANG_WARN_COMMA = YES;
				CLANG_WARN_CONSTANT_CONVERSION = YES;
				CLANG_WARN_DEPRECATED_OBJC_IMPLEMENTATIONS = YES;
				CLANG_WARN_DIRECT_OBJC_ISA_USAGE = YES_ERROR;
				CLANG_WARN_DOCUMENTATION_COMMENTS = YES;
				CLANG_WARN_EMPTY_BODY = YES;
				CLANG_WARN_ENUM_CONVERSION = YES;
				CLANG_WARN_INFINITE_RECURSION = YES;
				CLANG_WARN_INT_CONVERSION = YES;
				CLANG_WARN_NON_LITERAL_NULL_CONVERSION = YES;
				CLANG_WARN_OBJC_IMPLICIT_RETAIN_SELF = YES;
				CLANG_WARN_OBJC_LITERAL_CONVERSION = YES;
				CLANG_WARN_OBJC_ROOT_CLASS = YES_ERROR;
				CLANG_WARN_QUOTED_INCLUDE_IN_FRAMEWORK_HEADER = YES;
				CLANG_WARN_RANGE_LOOP_ANALYSIS = YES;
				CLANG_WARN_STRICT_PROTOTYPES = YES;
				CLANG_WARN_SUSPICIOUS_MOVE = YES;
				CLANG_WARN_UNGUARDED_AVAILABILITY = YES_AGGRESSIVE;
				CLANG_WARN_UNREACHABLE_CODE = YES;
				CLANG_WARN__DUPLICATE_METHOD_MATCH = YES;
				COPY_PHASE_STRIP = NO;
				DEBUG_INFORMATION_FORMAT = "dwarf-with-dsym";
				ENABLE_NS_ASSERTIONS = NO;
				ENABLE_STRICT_OBJC_MSGSEND = YES;
				GCC_C_LANGUAGE_STANDARD = gnu11;
				GCC_NO_COMMON_BLOCKS = YES;
				GCC_WARN_64_TO_32_BIT_CONVERSION = YES;
				GCC_WARN_ABOUT_RETURN_TYPE = YES_ERROR;
				GCC_WARN_UNDECLARED_SELECTOR = YES;
				GCC_WARN_UNINITIALIZED_AUTOS = YES_AGGRESSIVE;
				GCC_WARN_UNUSED_FUNCTION = YES;
				GCC_WARN_UNUSED_VARIABLE = YES;
				IPHONEOS_DEPLOYMENT_TARGET = 15.0;
				MTL_ENABLE_DEBUG_INFO = NO;
				MTL_FAST_MATH = YES;
				SDKROOT = iphoneos;
				SWIFT_COMPILATION_MODE = wholemodule;
				SWIFT_OPTIMIZATION_LEVEL = "-O";
				VALIDATE_PRODUCT = YES;
			};
			name = Release;
		};
		293CEDDC2746447900175D5B /* Debug */ = {
			isa = XCBuildConfiguration;
			buildSettings = {
				ASSETCATALOG_COMPILER_APPICON_NAME = AppIcon;
				ASSETCATALOG_COMPILER_GLOBAL_ACCENT_COLOR_NAME = AccentColor;
				CODE_SIGN_STYLE = Automatic;
				CURRENT_PROJECT_VERSION = 1;
				GENERATE_INFOPLIST_FILE = YES;
				INFOPLIST_FILE = HWCoreData/Info.plist;
				INFOPLIST_KEY_UIApplicationSupportsIndirectInputEvents = YES;
				INFOPLIST_KEY_UILaunchStoryboardName = LaunchScreen;
				INFOPLIST_KEY_UIMainStoryboardFile = Main;
				INFOPLIST_KEY_UISupportedInterfaceOrientations_iPad = "UIInterfaceOrientationPortrait UIInterfaceOrientationPortraitUpsideDown UIInterfaceOrientationLandscapeLeft UIInterfaceOrientationLandscapeRight";
				INFOPLIST_KEY_UISupportedInterfaceOrientations_iPhone = "UIInterfaceOrientationPortrait UIInterfaceOrientationLandscapeLeft UIInterfaceOrientationLandscapeRight";
				LD_RUNPATH_SEARCH_PATHS = (
					"$(inherited)",
					"@executable_path/Frameworks",
				);
				MARKETING_VERSION = 1.0;
				PRODUCT_BUNDLE_IDENTIFIER = com.google.HWCoreData;
				PRODUCT_NAME = "$(TARGET_NAME)";
				SWIFT_EMIT_LOC_STRINGS = YES;
				SWIFT_VERSION = 5.0;
				TARGETED_DEVICE_FAMILY = "1,2";
			};
			name = Debug;
		};
		293CEDDD2746447900175D5B /* Release */ = {
			isa = XCBuildConfiguration;
			buildSettings = {
				ASSETCATALOG_COMPILER_APPICON_NAME = AppIcon;
				ASSETCATALOG_COMPILER_GLOBAL_ACCENT_COLOR_NAME = AccentColor;
				CODE_SIGN_STYLE = Automatic;
				CURRENT_PROJECT_VERSION = 1;
				GENERATE_INFOPLIST_FILE = YES;
				INFOPLIST_FILE = HWCoreData/Info.plist;
				INFOPLIST_KEY_UIApplicationSupportsIndirectInputEvents = YES;
				INFOPLIST_KEY_UILaunchStoryboardName = LaunchScreen;
				INFOPLIST_KEY_UIMainStoryboardFile = Main;
				INFOPLIST_KEY_UISupportedInterfaceOrientations_iPad = "UIInterfaceOrientationPortrait UIInterfaceOrientationPortraitUpsideDown UIInterfaceOrientationLandscapeLeft UIInterfaceOrientationLandscapeRight";
				INFOPLIST_KEY_UISupportedInterfaceOrientations_iPhone = "UIInterfaceOrientationPortrait UIInterfaceOrientationLandscapeLeft UIInterfaceOrientationLandscapeRight";
				LD_RUNPATH_SEARCH_PATHS = (
					"$(inherited)",
					"@executable_path/Frameworks",
				);
				MARKETING_VERSION = 1.0;
				PRODUCT_BUNDLE_IDENTIFIER = com.google.HWCoreData;
				PRODUCT_NAME = "$(TARGET_NAME)";
				SWIFT_EMIT_LOC_STRINGS = YES;
				SWIFT_VERSION = 5.0;
				TARGETED_DEVICE_FAMILY = "1,2";
			};
			name = Release;
		};
/* End XCBuildConfiguration section */

/* Begin XCConfigurationList section */
		293CEDBF2746447800175D5B /* Build configuration list for PBXProject "HWCoreData" */ = {
			isa = XCConfigurationList;
			buildConfigurations = (
				293CEDD92746447900175D5B /* Debug */,
				293CEDDA2746447900175D5B /* Release */,
			);
			defaultConfigurationIsVisible = 0;
			defaultConfigurationName = Release;
		};
		293CEDDB2746447900175D5B /* Build configuration list for PBXNativeTarget "HWCoreData" */ = {
			isa = XCConfigurationList;
			buildConfigurations = (
				293CEDDC2746447900175D5B /* Debug */,
				293CEDDD2746447900175D5B /* Release */,
			);
			defaultConfigurationIsVisible = 0;
			defaultConfigurationName = Release;
		};
/* End XCConfigurationList section */

/* Begin XCVersionGroup section */
		293CEDD02746447800175D5B /* HWCoreData.xcdatamodeld */ = {
			isa = XCVersionGroup;
			children = (
				293CEDD12746447800175D5B /* HWCoreData.xcdatamodel */,
			);
			currentVersion = 293CEDD12746447800175D5B /* HWCoreData.xcdatamodel */;
			path = HWCoreData.xcdatamodeld;
			sourceTree = "<group>";
			versionGroupType = wrapper.xcdatamodel;
		};
/* End XCVersionGroup section */
	};
	rootObject = 293CEDBC2746447800175D5B /* Project object */;
}
